<Solution>
  <Folder Name="/Solution Items/">
    <File Path=".editorconfig" />
    <File Path="dotnet.config" />
  </Folder>
  <Folder Name="/src/">
    <Project Path="src/Kuddle.Benchmarks/Kuddle.Benchmarks.csproj" />
    <Project Path="src/Kuddle.Generators/Kuddle.Generators.csproj" />
    <Project Path="src/Kuddle.Tests/Kuddle.Tests.csproj" />
    <Project Path="src/Kuddle/Kuddle.csproj" />
  </Folder>
  <Project Path="sampleApp/sampleApp.csproj" />
</Solution>
